Microsoft Visual Studio Solution File, Format Version 12.00
# Visual Studio 2012
Project("{FAE04EC0-301F-11D3-BF4B-00C04F79EFBC}") = "ProjectDC", "ProjectDC.csproj", "{A544EEB0-9A32-4FBA-92A2-8C5462E2D618}"
EndProject
Global
	GlobalSection(SolutionConfigurationPlatforms) = preSolution
	Debug|Any CPU = Debug|Any CPU
	ExportDebug|Any CPU = ExportDebug|Any CPU
	ExportRelease|Any CPU = ExportRelease|Any CPU
	EndGlobalSection
	GlobalSection(ProjectConfigurationPlatforms) = postSolution
		{A544EEB0-9A32-4FBA-92A2-8C5462E2D618}.Debug|Any CPU.ActiveCfg = Debug|Any CPU
		{A544EEB0-9A32-4FBA-92A2-8C5462E2D618}.Debug|Any CPU.Build.0 = Debug|Any CPU
		{A544EEB0-9A32-4FBA-92A2-8C5462E2D618}.ExportDebug|Any CPU.ActiveCfg = ExportDebug|Any CPU
		{A544EEB0-9A32-4FBA-92A2-8C5462E2D618}.ExportDebug|Any CPU.Build.0 = ExportDebug|Any CPU
		{A544EEB0-9A32-4FBA-92A2-8C5462E2D618}.ExportRelease|Any CPU.ActiveCfg = ExportRelease|Any CPU
		{A544EEB0-9A32-4FBA-92A2-8C5462E2D618}.ExportRelease|Any CPU.Build.0 = ExportRelease|Any CPU
	EndGlobalSection
EndGlobal
